
Microsoft Visual Studio Solution File, Format Version 12.00
# Visual Studio Version 17
VisualStudioVersion = 17.9.34714.143
MinimumVisualStudioVersion = 10.0.40219.1
Project("{FAE04EC0-301F-11D3-BF4B-00C04F79EFBC}") = "NTP1", "NTP1.csproj", "{049F486C-3C78-4241-8B52-F9BF71B95DD6}"
EndProject
Global
	GlobalSection(SolutionConfigurationPlatforms) = preSolution
		Debug|Any CPU = Debug|Any CPU
		Release|Any CPU = Release|Any CPU
	EndGlobalSection
	GlobalSection(ProjectConfigurationPlatforms) = postSolution
		{049F486C-3C78-4241-8B52-F9BF71B95DD6}.Debug|Any CPU.ActiveCfg = Debug|Any CPU
		{049F486C-3C78-4241-8B52-F9BF71B95DD6}.Debug|Any CPU.Build.0 = Debug|Any CPU
		{049F486C-3C78-4241-8B52-F9BF71B95DD6}.Release|Any CPU.ActiveCfg = Release|Any CPU
		{049F486C-3C78-4241-8B52-F9BF71B95DD6}.Release|Any CPU.Build.0 = Release|Any CPU
	EndGlobalSection
	GlobalSection(SolutionProperties) = preSolution
		HideSolutionNode = FALSE
	EndGlobalSection
	GlobalSection(ExtensibilityGlobals) = postSolution
		SolutionGuid = {666A5229-31A6-427C-80FD-123C1739F095}
	EndGlobalSection
EndGlobal
